// !$*UTF8*$!
{
	archiveVersion = 1;
	classes = {
	};
	objectVersion = 50;
	objects = {

/* Begin PBXBuildFile section */
		6EB68F5126826ACC00A65766 /* AppDelegate.m in Sources */ = {isa = PBXBuildFile; fileRef = 6EB68F5026826ACC00A65766 /* AppDelegate.m */; };
		6EB68F5426826ACC00A65766 /* SceneDelegate.m in Sources */ = {isa = PBXBuildFile; fileRef = 6EB68F5326826ACC00A65766 /* SceneDelegate.m */; };
		6EB68F5A26826ACC00A65766 /* Main.storyboard in Resources */ = {isa = PBXBuildFile; fileRef = 6EB68F5826826ACC00A65766 /* Main.storyboard */; };
		6EB68F5C26826ACD00A65766 /* Assets.xcassets in Resources */ = {isa = PBXBuildFile; fileRef = 6EB68F5B26826ACD00A65766 /* Assets.xcassets */; };
		6EB68F5F26826ACD00A65766 /* LaunchScreen.storyboard in Resources */ = {isa = PBXBuildFile; fileRef = 6EB68F5D26826ACD00A65766 /* LaunchScreen.storyboard */; };
		6EB68F6226826ACD00A65766 /* main.m in Sources */ = {isa = PBXBuildFile; fileRef = 6EB68F6126826ACD00A65766 /* main.m */; };
		6EB68F6C26826ACD00A65766 /* TipTipTests.m in Sources */ = {isa = PBXBuildFile; fileRef = 6EB68F6B26826ACD00A65766 /* TipTipTests.m */; };
		6EB68F7726826ACE00A65766 /* TipTipUITests.m in Sources */ = {isa = PBXBuildFile; fileRef = 6EB68F7626826ACE00A65766 /* TipTipUITests.m */; };
		6EB68F86268275D000A65766 /* TipViewController.m in Sources */ = {isa = PBXBuildFile; fileRef = 6EB68F85268275D000A65766 /* TipViewController.m */; };
/* End PBXBuildFile section */

/* Begin PBXContainerItemProxy section */
		6EB68F6826826ACD00A65766 /* PBXContainerItemProxy */ = {
			isa = PBXContainerItemProxy;
			containerPortal = 6EB68F4426826ACC00A65766 /* Project object */;
			proxyType = 1;
			remoteGlobalIDString = 6EB68F4B26826ACC00A65766;
			remoteInfo = TipTip;
		};
		6EB68F7326826ACE00A65766 /* PBXContainerItemProxy */ = {
			isa = PBXContainerItemProxy;
			containerPortal = 6EB68F4426826ACC00A65766 /* Project object */;
			proxyType = 1;
			remoteGlobalIDString = 6EB68F4B26826ACC00A65766;
			remoteInfo = TipTip;
		};
/* End PBXContainerItemProxy section */

/* Begin PBXFileReference section */
		6EB68F4C26826ACC00A65766 /* TipTip.app */ = {isa = PBXFileReference; explicitFileType = wrapper.application; includeInIndex = 0; path = TipTip.app; sourceTree = BUILT_PRODUCTS_DIR; };
		6EB68F4F26826ACC00A65766 /* AppDelegate.h */ = {isa = PBXFileReference; lastKnownFileType = sourcecode.c.h; path = AppDelegate.h; sourceTree = "<group>"; };
		6EB68F5026826ACC00A65766 /* AppDelegate.m */ = {isa = PBXFileReference; lastKnownFileType = sourcecode.c.objc; path = AppDelegate.m; sourceTree = "<group>"; };
		6EB68F5226826ACC00A65766 /* SceneDelegate.h */ = {isa = PBXFileReference; lastKnownFileType = sourcecode.c.h; path = SceneDelegate.h; sourceTree = "<group>"; };
		6EB68F5326826ACC00A65766 /* SceneDelegate.m */ = {isa = PBXFileReference; lastKnownFileType = sourcecode.c.objc; path = SceneDelegate.m; sourceTree = "<group>"; };
		6EB68F5926826ACC00A65766 /* Base */ = {isa = PBXFileReference; lastKnownFileType = file.storyboard; name = Base; path = Base.lproj/Main.storyboard; sourceTree = "<group>"; };
		6EB68F5B26826ACD00A65766 /* Assets.xcassets */ = {isa = PBXFileReference; lastKnownFileType = folder.assetcatalog; path = Assets.xcassets; sourceTree = "<group>"; };
		6EB68F5E26826ACD00A65766 /* Base */ = {isa = PBXFileReference; lastKnownFileType = file.storyboard; name = Base; path = Base.lproj/LaunchScreen.storyboard; sourceTree = "<group>"; };
		6EB68F6026826ACD00A65766 /* Info.plist */ = {isa = PBXFileReference; lastKnownFileType = text.plist.xml; path = Info.plist; sourceTree = "<group>"; };
		6EB68F6126826ACD00A65766 /* main.m */ = {isa = PBXFileReference; lastKnownFileType = sourcecode.c.objc; path = main.m; sourceTree = "<group>"; };
		6EB68F6726826ACD00A65766 /* TipTipTests.xctest */ = {isa = PBXFileReference; explicitFileType = wrapper.cfbundle; includeInIndex = 0; path = TipTipTests.xctest; sourceTree = BUILT_PRODUCTS_DIR; };
		6EB68F6B26826ACD00A65766 /* TipTipTests.m */ = {isa = PBXFileReference; lastKnownFileType = sourcecode.c.objc; path = TipTipTests.m; sourceTree = "<group>"; };
		6EB68F6D26826ACD00A65766 /* Info.plist */ = {isa = PBXFileReference; lastKnownFileType = text.plist.xml; path = Info.plist; sourceTree = "<group>"; };
		6EB68F7226826ACE00A65766 /* TipTipUITests.xctest */ = {isa = PBXFileReference; explicitFileType = wrapper.cfbundle; includeInIndex = 0; path = TipTipUITests.xctest; sourceTree = BUILT_PRODUCTS_DIR; };
		6EB68F7626826ACE00A65766 /* TipTipUITests.m */ = {isa = PBXFileReference; lastKnownFileType = sourcecode.c.objc; path = TipTipUITests.m; sourceTree = "<group>"; };
		6EB68F7826826ACE00A65766 /* Info.plist */ = {isa = PBXFileReference; lastKnownFileType = text.plist.xml; path = Info.plist; sourceTree = "<group>"; };
		6EB68F84268275D000A65766 /* TipViewController.h */ = {isa = PBXFileReference; lastKnownFileType = sourcecode.c.h; path = TipViewController.h; sourceTree = "<group>"; };
		6EB68F85268275D000A65766 /* TipViewController.m */ = {isa = PBXFileReference; lastKnownFileType = sourcecode.c.objc; path = TipViewController.m; sourceTree = "<group>"; };
/* End PBXFileReference section */

/* Begin PBXFrameworksBuildPhase section */
		6EB68F4926826ACC00A65766 /* Frameworks */ = {
			isa = PBXFrameworksBuildPhase;
			buildActionMask = 2147483647;
			files = (
			);
			runOnlyForDeploymentPostprocessing = 0;
		};
		6EB68F6426826ACD00A65766 /* Frameworks */ = {
			isa = PBXFrameworksBuildPhase;
			buildActionMask = 2147483647;
			files = (
			);
			runOnlyForDeploymentPostprocessing = 0;
		};
		6EB68F6F26826ACD00A65766 /* Frameworks */ = {
			isa = PBXFrameworksBuildPhase;
			buildActionMask = 2147483647;
			files = (
			);
			runOnlyForDeploymentPostprocessing = 0;
		};
/* End PBXFrameworksBuildPhase section */

/* Begin PBXGroup section */
		6EB68F4326826ACC00A65766 = {
			isa = PBXGroup;
			children = (
				6EB68F4E26826ACC00A65766 /* TipTip */,
				6EB68F6A26826ACD00A65766 /* TipTipTests */,
				6EB68F7526826ACE00A65766 /* TipTipUITests */,
				6EB68F4D26826ACC00A65766 /* Products */,
			);
			sourceTree = "<group>";
		};
		6EB68F4D26826ACC00A65766 /* Products */ = {
			isa = PBXGroup;
			children = (
				6EB68F4C26826ACC00A65766 /* TipTip.app */,
				6EB68F6726826ACD00A65766 /* TipTipTests.xctest */,
				6EB68F7226826ACE00A65766 /* TipTipUITests.xctest */,
			);
			name = Products;
			sourceTree = "<group>";
		};
		6EB68F4E26826ACC00A65766 /* TipTip */ = {
			isa = PBXGroup;
			children = (
				6EB68F4F26826ACC00A65766 /* AppDelegate.h */,
				6EB68F5026826ACC00A65766 /* AppDelegate.m */,
				6EB68F5226826ACC00A65766 /* SceneDelegate.h */,
				6EB68F5326826ACC00A65766 /* SceneDelegate.m */,
				6EB68F5826826ACC00A65766 /* Main.storyboard */,
				6EB68F84268275D000A65766 /* TipViewController.h */,
				6EB68F85268275D000A65766 /* TipViewController.m */,
				6EB68F5B26826ACD00A65766 /* Assets.xcassets */,
				6EB68F5D26826ACD00A65766 /* LaunchScreen.storyboard */,
				6EB68F6026826ACD00A65766 /* Info.plist */,
				6EB68F6126826ACD00A65766 /* main.m */,
			);
			path = TipTip;
			sourceTree = "<group>";
		};
		6EB68F6A26826ACD00A65766 /* TipTipTests */ = {
			isa = PBXGroup;
			children = (
				6EB68F6B26826ACD00A65766 /* TipTipTests.m */,
				6EB68F6D26826ACD00A65766 /* Info.plist */,
			);
			path = TipTipTests;
			sourceTree = "<group>";
		};
		6EB68F7526826ACE00A65766 /* TipTipUITests */ = {
			isa = PBXGroup;
			children = (
				6EB68F7626826ACE00A65766 /* TipTipUITests.m */,
				6EB68F7826826ACE00A65766 /* Info.plist */,
			);
			path = TipTipUITests;
			sourceTree = "<group>";
		};
/* End PBXGroup section */

/* Begin PBXNativeTarget section */
		6EB68F4B26826ACC00A65766 /* TipTip */ = {
			isa = PBXNativeTarget;
			buildConfigurationList = 6EB68F7B26826ACE00A65766 /* Build configuration list for PBXNativeTarget "TipTip" */;
			buildPhases = (
				6EB68F4826826ACC00A65766 /* Sources */,
				6EB68F4926826ACC00A65766 /* Frameworks */,
				6EB68F4A26826ACC00A65766 /* Resources */,
			);
			buildRules = (
			);
			dependencies = (
			);
			name = TipTip;
			productName = TipTip;
			productReference = 6EB68F4C26826ACC00A65766 /* TipTip.app */;
			productType = "com.apple.product-type.application";
		};
		6EB68F6626826ACD00A65766 /* TipTipTests */ = {
			isa = PBXNativeTarget;
			buildConfigurationList = 6EB68F7E26826ACE00A65766 /* Build configuration list for PBXNativeTarget "TipTipTests" */;
			buildPhases = (
				6EB68F6326826ACD00A65766 /* Sources */,
				6EB68F6426826ACD00A65766 /* Frameworks */,
				6EB68F6526826ACD00A65766 /* Resources */,
			);
			buildRules = (
			);
			dependencies = (
				6EB68F6926826ACD00A65766 /* PBXTargetDependency */,
			);
			name = TipTipTests;
			productName = TipTipTests;
			productReference = 6EB68F6726826ACD00A65766 /* TipTipTests.xctest */;
			productType = "com.apple.product-type.bundle.unit-test";
		};
		6EB68F7126826ACD00A65766 /* TipTipUITests */ = {
			isa = PBXNativeTarget;
			buildConfigurationList = 6EB68F8126826ACE00A65766 /* Build configuration list for PBXNativeTarget "TipTipUITests" */;
			buildPhases = (
				6EB68F6E26826ACD00A65766 /* Sources */,
				6EB68F6F26826ACD00A65766 /* Frameworks */,
				6EB68F7026826ACD00A65766 /* Resources */,
			);
			buildRules = (
			);
			dependencies = (
				6EB68F7426826ACE00A65766 /* PBXTargetDependency */,
			);
			name = TipTipUITests;
			productName = TipTipUITests;
			productReference = 6EB68F7226826ACE00A65766 /* TipTipUITests.xctest */;
			productType = "com.apple.product-type.bundle.ui-testing";
		};
/* End PBXNativeTarget section */

/* Begin PBXProject section */
		6EB68F4426826ACC00A65766 /* Project object */ = {
			isa = PBXProject;
			attributes = {
				LastUpgradeCheck = 1250;
				TargetAttributes = {
					6EB68F4B26826ACC00A65766 = {
						CreatedOnToolsVersion = 12.5;
					};
					6EB68F6626826ACD00A65766 = {
						CreatedOnToolsVersion = 12.5;
						TestTargetID = 6EB68F4B26826ACC00A65766;
					};
					6EB68F7126826ACD00A65766 = {
						CreatedOnToolsVersion = 12.5;
						TestTargetID = 6EB68F4B26826ACC00A65766;
					};
				};
			};
			buildConfigurationList = 6EB68F4726826ACC00A65766 /* Build configuration list for PBXProject "TipTip" */;
			compatibilityVersion = "Xcode 9.3";
			developmentRegion = en;
			hasScannedForEncodings = 0;
			knownRegions = (
				en,
				Base,
			);
			mainGroup = 6EB68F4326826ACC00A65766;
			productRefGroup = 6EB68F4D26826ACC00A65766 /* Products */;
			projectDirPath = "";
			projectRoot = "";
			targets = (
				6EB68F4B26826ACC00A65766 /* TipTip */,
				6EB68F6626826ACD00A65766 /* TipTipTests */,
				6EB68F7126826ACD00A65766 /* TipTipUITests */,
			);
		};
/* End PBXProject section */

/* Begin PBXResourcesBuildPhase section */
		6EB68F4A26826ACC00A65766 /* Resources */ = {
			isa = PBXResourcesBuildPhase;
			buildActionMask = 2147483647;
			files = (
				6EB68F5F26826ACD00A65766 /* LaunchScreen.storyboard in Resources */,
				6EB68F5C26826ACD00A65766 /* Assets.xcassets in Resources */,
				6EB68F5A26826ACC00A65766 /* Main.storyboard in Resources */,
			);
			runOnlyForDeploymentPostprocessing = 0;
		};
		6EB68F6526826ACD00A65766 /* Resources */ = {
			isa = PBXResourcesBuildPhase;
			buildActionMask = 2147483647;
			files = (
			);
			runOnlyForDeploymentPostprocessing = 0;
		};
		6EB68F7026826ACD00A65766 /* Resources */ = {
			isa = PBXResourcesBuildPhase;
			buildActionMask = 2147483647;
			files = (
			);
			runOnlyForDeploymentPostprocessing = 0;
		};
/* End PBXResourcesBuildPhase section */

/* Begin PBXSourcesBuildPhase section */
		6EB68F4826826ACC00A65766 /* Sources */ = {
			isa = PBXSourcesBuildPhase;
			buildActionMask = 2147483647;
			files = (
				6EB68F5126826ACC00A65766 /* AppDelegate.m in Sources */,
				6EB68F6226826ACD00A65766 /* main.m in Sources */,
				6EB68F86268275D000A65766 /* TipViewController.m in Sources */,
				6EB68F5426826ACC00A65766 /* SceneDelegate.m in Sources */,
			);
			runOnlyForDeploymentPostprocessing = 0;
		};
		6EB68F6326826ACD00A65766 /* Sources */ = {
			isa = PBXSourcesBuildPhase;
			buildActionMask = 2147483647;
			files = (
				6EB68F6C26826ACD00A65766 /* TipTipTests.m in Sources */,
			);
			runOnlyForDeploymentPostprocessing = 0;
		};
		6EB68F6E26826ACD00A65766 /* Sources */ = {
			isa = PBXSourcesBuildPhase;
			buildActionMask = 2147483647;
			files = (
				6EB68F7726826ACE00A65766 /* TipTipUITests.m in Sources */,
			);
			runOnlyForDeploymentPostprocessing = 0;
		};
/* End PBXSourcesBuildPhase section */

/* Begin PBXTargetDependency section */
		6EB68F6926826ACD00A65766 /* PBXTargetDependency */ = {
			isa = PBXTargetDependency;
			target = 6EB68F4B26826ACC00A65766 /* TipTip */;
			targetProxy = 6EB68F6826826ACD00A65766 /* PBXContainerItemProxy */;
		};
		6EB68F7426826ACE00A65766 /* PBXTargetDependency */ = {
			isa = PBXTargetDependency;
			target = 6EB68F4B26826ACC00A65766 /* TipTip */;
			targetProxy = 6EB68F7326826ACE00A65766 /* PBXContainerItemProxy */;
		};
/* End PBXTargetDependency section */

/* Begin PBXVariantGroup section */
		6EB68F5826826ACC00A65766 /* Main.storyboard */ = {
			isa = PBXVariantGroup;
			children = (
				6EB68F5926826ACC00A65766 /* Base */,
			);
			name = Main.storyboard;
			sourceTree = "<group>";
		};
		6EB68F5D26826ACD00A65766 /* LaunchScreen.storyboard */ = {
			isa = PBXVariantGroup;
			children = (
				6EB68F5E26826ACD00A65766 /* Base */,
			);
			name = LaunchScreen.storyboard;
			sourceTree = "<group>";
		};
/* End PBXVariantGroup section */

/* Begin XCBuildConfiguration section */
		6EB68F7926826ACE00A65766 /* Debug */ = {
			isa = XCBuildConfiguration;
			buildSettings = {
				ALWAYS_SEARCH_USER_PATHS = NO;
				CLANG_ANALYZER_NONNULL = YES;
				CLANG_ANALYZER_NUMBER_OBJECT_CONVERSION = YES_AGGRESSIVE;
				CLANG_CXX_LANGUAGE_STANDARD = "gnu++14";
				CLANG_CXX_LIBRARY = "libc++";
				CLANG_ENABLE_MODULES = YES;
				CLANG_ENABLE_OBJC_ARC = YES;
				CLANG_ENABLE_OBJC_WEAK = YES;
				CLANG_WARN_BLOCK_CAPTURE_AUTORELEASING = YES;
				CLANG_WARN_BOOL_CONVERSION = YES;
				CLANG_WARN_COMMA = YES;
				CLANG_WARN_CONSTANT_CONVERSION = YES;
				CLANG_WARN_DEPRECATED_OBJC_IMPLEMENTATIONS = YES;
				CLANG_WARN_DIRECT_OBJC_ISA_USAGE = YES_ERROR;
				CLANG_WARN_DOCUMENTATION_COMMENTS = YES;
				CLANG_WARN_EMPTY_BODY = YES;
				CLANG_WARN_ENUM_CONVERSION = YES;
				CLANG_WARN_INFINITE_RECURSION = YES;
				CLANG_WARN_INT_CONVERSION = YES;
				CLANG_WARN_NON_LITERAL_NULL_CONVERSION = YES;
				CLANG_WARN_OBJC_IMPLICIT_RETAIN_SELF = YES;
				CLANG_WARN_OBJC_LITERAL_CONVERSION = YES;
				CLANG_WARN_OBJC_ROOT_CLASS = YES_ERROR;
				CLANG_WARN_QUOTED_INCLUDE_IN_FRAMEWORK_HEADER = YES;
				CLANG_WARN_RANGE_LOOP_ANALYSIS = YES;
				CLANG_WARN_STRICT_PROTOTYPES = YES;
				CLANG_WARN_SUSPICIOUS_MOVE = YES;
				CLANG_WARN_UNGUARDED_AVAILABILITY = YES_AGGRESSIVE;
				CLANG_WARN_UNREACHABLE_CODE = YES;
				CLANG_WARN__DUPLICATE_METHOD_MATCH = YES;
				COPY_PHASE_STRIP = NO;
				DEBUG_INFORMATION_FORMAT = dwarf;
				ENABLE_STRICT_OBJC_MSGSEND = YES;
				ENABLE_TESTABILITY = YES;
				GCC_C_LANGUAGE_STANDARD = gnu11;
				GCC_DYNAMIC_NO_PIC = NO;
				GCC_NO_COMMON_BLOCKS = YES;
				GCC_OPTIMIZATION_LEVEL = 0;
				GCC_PREPROCESSOR_DEFINITIONS = (
					"DEBUG=1",
					"$(inherited)",
				);
				GCC_WARN_64_TO_32_BIT_CONVERSION = YES;
				GCC_WARN_ABOUT_RETURN_TYPE = YES_ERROR;
				GCC_WARN_UNDECLARED_SELECTOR = YES;
				GCC_WARN_UNINITIALIZED_AUTOS = YES_AGGRESSIVE;
				GCC_WARN_UNUSED_FUNCTION = YES;
				GCC_WARN_UNUSED_VARIABLE = YES;
				IPHONEOS_DEPLOYMENT_TARGET = 14.5;
				MTL_ENABLE_DEBUG_INFO = INCLUDE_SOURCE;
				MTL_FAST_MATH = YES;
				ONLY_ACTIVE_ARCH = YES;
				SDKROOT = iphoneos;
			};
			name = Debug;
		};
		6EB68F7A26826ACE00A65766 /* Release */ = {
			isa = XCBuildConfiguration;
			buildSettings = {
				ALWAYS_SEARCH_USER_PATHS = NO;
				CLANG_ANALYZER_NONNULL = YES;
				CLANG_ANALYZER_NUMBER_OBJECT_CONVERSION = YES_AGGRESSIVE;
				CLANG_CXX_LANGUAGE_STANDARD = "gnu++14";
				CLANG_CXX_LIBRARY = "libc++";
				CLANG_ENABLE_MODULES = YES;
				CLANG_ENABLE_OBJC_ARC = YES;
				CLANG_ENABLE_OBJC_WEAK = YES;
				CLANG_WARN_BLOCK_CAPTURE_AUTORELEASING = YES;
				CLANG_WARN_BOOL_CONVERSION = YES;
				CLANG_WARN_COMMA = YES;
				CLANG_WARN_CONSTANT_CONVERSION = YES;
				CLANG_WARN_DEPRECATED_OBJC_IMPLEMENTATIONS = YES;
				CLANG_WARN_DIRECT_OBJC_ISA_USAGE = YES_ERROR;
				CLANG_WARN_DOCUMENTATION_COMMENTS = YES;
				CLANG_WARN_EMPTY_BODY = YES;
				CLANG_WARN_ENUM_CONVERSION = YES;
				CLANG_WARN_INFINITE_RECURSION = YES;
				CLANG_WARN_INT_CONVERSION = YES;
				CLANG_WARN_NON_LITERAL_NULL_CONVERSION = YES;
				CLANG_WARN_OBJC_IMPLICIT_RETAIN_SELF = YES;
				CLANG_WARN_OBJC_LITERAL_CONVERSION = YES;
				CLANG_WARN_OBJC_ROOT_CLASS = YES_ERROR;
				CLANG_WARN_QUOTED_INCLUDE_IN_FRAMEWORK_HEADER = YES;
				CLANG_WARN_RANGE_LOOP_ANALYSIS = YES;
				CLANG_WARN_STRICT_PROTOTYPES = YES;
				CLANG_WARN_SUSPICIOUS_MOVE = YES;
				CLANG_WARN_UNGUARDED_AVAILABILITY = YES_AGGRESSIVE;
				CLANG_WARN_UNREACHABLE_CODE = YES;
				CLANG_WARN__DUPLICATE_METHOD_MATCH = YES;
				COPY_PHASE_STRIP = NO;
				DEBUG_INFORMATION_FORMAT = "dwarf-with-dsym";
				ENABLE_NS_ASSERTIONS = NO;
				ENABLE_STRICT_OBJC_MSGSEND = YES;
				GCC_C_LANGUAGE_STANDARD = gnu11;
				GCC_NO_COMMON_BLOCKS = YES;
				GCC_WARN_64_TO_32_BIT_CONVERSION = YES;
				GCC_WARN_ABOUT_RETURN_TYPE = YES_ERROR;
				GCC_WARN_UNDECLARED_SELECTOR = YES;
				GCC_WARN_UNINITIALIZED_AUTOS = YES_AGGRESSIVE;
				GCC_WARN_UNUSED_FUNCTION = YES;
				GCC_WARN_UNUSED_VARIABLE = YES;
				IPHONEOS_DEPLOYMENT_TARGET = 14.5;
				MTL_ENABLE_DEBUG_INFO = NO;
				MTL_FAST_MATH = YES;
				SDKROOT = iphoneos;
				VALIDATE_PRODUCT = YES;
			};
			name = Release;
		};
		6EB68F7C26826ACE00A65766 /* Debug */ = {
			isa = XCBuildConfiguration;
			buildSettings = {
				ASSETCATALOG_COMPILER_APPICON_NAME = AppIcon;
				ASSETCATALOG_COMPILER_GLOBAL_ACCENT_COLOR_NAME = AccentColor;
				CODE_SIGN_STYLE = Automatic;
				DEVELOPMENT_TEAM = M35Y5F744J;
				INFOPLIST_FILE = TipTip/Info.plist;
				LD_RUNPATH_SEARCH_PATHS = (
					"$(inherited)",
					"@executable_path/Frameworks",
				);
				PRODUCT_BUNDLE_IDENTIFIER = com.dylanfdl.TipTip;
				PRODUCT_NAME = "$(TARGET_NAME)";
				TARGETED_DEVICE_FAMILY = "1,2";
			};
			name = Debug;
		};
		6EB68F7D26826ACE00A65766 /* Release */ = {
			isa = XCBuildConfiguration;
			buildSettings = {
				ASSETCATALOG_COMPILER_APPICON_NAME = AppIcon;
				ASSETCATALOG_COMPILER_GLOBAL_ACCENT_COLOR_NAME = AccentColor;
				CODE_SIGN_STYLE = Automatic;
				DEVELOPMENT_TEAM = M35Y5F744J;
				INFOPLIST_FILE = TipTip/Info.plist;
				LD_RUNPATH_SEARCH_PATHS = (
					"$(inherited)",
					"@executable_path/Frameworks",
				);
				PRODUCT_BUNDLE_IDENTIFIER = com.dylanfdl.TipTip;
				PRODUCT_NAME = "$(TARGET_NAME)";
				TARGETED_DEVICE_FAMILY = "1,2";
			};
			name = Release;
		};
		6EB68F7F26826ACE00A65766 /* Debug */ = {
			isa = XCBuildConfiguration;
			buildSettings = {
				BUNDLE_LOADER = "$(TEST_HOST)";
				CODE_SIGN_STYLE = Automatic;
				DEVELOPMENT_TEAM = M35Y5F744J;
				INFOPLIST_FILE = TipTipTests/Info.plist;
				IPHONEOS_DEPLOYMENT_TARGET = 14.5;
				LD_RUNPATH_SEARCH_PATHS = (
					"$(inherited)",
					"@executable_path/Frameworks",
					"@loader_path/Frameworks",
				);
				PRODUCT_BUNDLE_IDENTIFIER = com.dylanfdl.TipTipTests;
				PRODUCT_NAME = "$(TARGET_NAME)";
				TARGETED_DEVICE_FAMILY = "1,2";
				TEST_HOST = "$(BUILT_PRODUCTS_DIR)/TipTip.app/TipTip";
			};
			name = Debug;
		};
		6EB68F8026826ACE00A65766 /* Release */ = {
			isa = XCBuildConfiguration;
			buildSettings = {
				BUNDLE_LOADER = "$(TEST_HOST)";
				CODE_SIGN_STYLE = Automatic;
				DEVELOPMENT_TEAM = M35Y5F744J;
				INFOPLIST_FILE = TipTipTests/Info.plist;
				IPHONEOS_DEPLOYMENT_TARGET = 14.5;
				LD_RUNPATH_SEARCH_PATHS = (
					"$(inherited)",
					"@executable_path/Frameworks",
					"@loader_path/Frameworks",
				);
				PRODUCT_BUNDLE_IDENTIFIER = com.dylanfdl.TipTipTests;
				PRODUCT_NAME = "$(TARGET_NAME)";
				TARGETED_DEVICE_FAMILY = "1,2";
				TEST_HOST = "$(BUILT_PRODUCTS_DIR)/TipTip.app/TipTip";
			};
			name = Release;
		};
		6EB68F8226826ACE00A65766 /* Debug */ = {
			isa = XCBuildConfiguration;
			buildSettings = {
				CODE_SIGN_STYLE = Automatic;
				DEVELOPMENT_TEAM = M35Y5F744J;
				INFOPLIST_FILE = TipTipUITests/Info.plist;
				LD_RUNPATH_SEARCH_PATHS = (
					"$(inherited)",
					"@executable_path/Frameworks",
					"@loader_path/Frameworks",
				);
				PRODUCT_BUNDLE_IDENTIFIER = com.dylanfdl.TipTipUITests;
				PRODUCT_NAME = "$(TARGET_NAME)";
				TARGETED_DEVICE_FAMILY = "1,2";
				TEST_TARGET_NAME = TipTip;
			};
			name = Debug;
		};
		6EB68F8326826ACE00A65766 /* Release */ = {
			isa = XCBuildConfiguration;
			buildSettings = {
				CODE_SIGN_STYLE = Automatic;
				DEVELOPMENT_TEAM = M35Y5F744J;
				INFOPLIST_FILE = TipTipUITests/Info.plist;
				LD_RUNPATH_SEARCH_PATHS = (
					"$(inherited)",
					"@executable_path/Frameworks",
					"@loader_path/Frameworks",
				);
				PRODUCT_BUNDLE_IDENTIFIER = com.dylanfdl.TipTipUITests;
				PRODUCT_NAME = "$(TARGET_NAME)";
				TARGETED_DEVICE_FAMILY = "1,2";
				TEST_TARGET_NAME = TipTip;
			};
			name = Release;
		};
/* End XCBuildConfiguration section */

/* Begin XCConfigurationList section */
		6EB68F4726826ACC00A65766 /* Build configuration list for PBXProject "TipTip" */ = {
			isa = XCConfigurationList;
			buildConfigurations = (
				6EB68F7926826ACE00A65766 /* Debug */,
				6EB68F7A26826ACE00A65766 /* Release */,
			);
			defaultConfigurationIsVisible = 0;
			defaultConfigurationName = Release;
		};
		6EB68F7B26826ACE00A65766 /* Build configuration list for PBXNativeTarget "TipTip" */ = {
			isa = XCConfigurationList;
			buildConfigurations = (
				6EB68F7C26826ACE00A65766 /* Debug */,
				6EB68F7D26826ACE00A65766 /* Release */,
			);
			defaultConfigurationIsVisible = 0;
			defaultConfigurationName = Release;
		};
		6EB68F7E26826ACE00A65766 /* Build configuration list for PBXNativeTarget "TipTipTests" */ = {
			isa = XCConfigurationList;
			buildConfigurations = (
				6EB68F7F26826ACE00A65766 /* Debug */,
				6EB68F8026826ACE00A65766 /* Release */,
			);
			defaultConfigurationIsVisible = 0;
			defaultConfigurationName = Release;
		};
		6EB68F8126826ACE00A65766 /* Build configuration list for PBXNativeTarget "TipTipUITests" */ = {
			isa = XCConfigurationList;
			buildConfigurations = (
				6EB68F8226826ACE00A65766 /* Debug */,
				6EB68F8326826ACE00A65766 /* Release */,
			);
			defaultConfigurationIsVisible = 0;
			defaultConfigurationName = Release;
		};
/* End XCConfigurationList section */
	};
	rootObject = 6EB68F4426826ACC00A65766 /* Project object */;
}
